// !$*UTF8*$!
{
	archiveVersion = 1;
	classes = {
	};
	objectVersion = 46;
	objects = {

/* Begin PBXBuildFile section */
		713F33951968B5B7006900CC /* TextChannel.m in Sources */ = {isa = PBXBuildFile; fileRef = 713F33941968B5B7006900CC /* TextChannel.m */; };
		7143ED591968A2EF001D4735 /* ChromeCast.m in Sources */ = {isa = PBXBuildFile; fileRef = 7143ED581968A2EF001D4735 /* ChromeCast.m */; };
		71D79C6D196876A300F18801 /* TutorialViewController.xib in Resources */ = {isa = PBXBuildFile; fileRef = 71D79C6C196876A300F18801 /* TutorialViewController.xib */; };
		71D79C6F196876AB00F18801 /* ViewController.m in Sources */ = {isa = PBXBuildFile; fileRef = 71D79C6E196876AB00F18801 /* ViewController.m */; };
		7B36EBD4196894CD00B88FF3 /* ChromeCastViewController.xib in Resources */ = {isa = PBXBuildFile; fileRef = 7B36EBD3196894CD00B88FF3 /* ChromeCastViewController.xib */; };
		7B36EBD819689A5400B88FF3 /* Constants.m in Sources */ = {isa = PBXBuildFile; fileRef = 7B36EBD719689A5400B88FF3 /* Constants.m */; };
		7B36EBDF19689E6400B88FF3 /* cast_off.png in Resources */ = {isa = PBXBuildFile; fileRef = 7B36EBDA19689E6400B88FF3 /* cast_off.png */; };
		7B36EBE019689E6400B88FF3 /* cast_on.png in Resources */ = {isa = PBXBuildFile; fileRef = 7B36EBDB19689E6400B88FF3 /* cast_on.png */; };
		7B36EBE119689E6400B88FF3 /* cast_on0.png in Resources */ = {isa = PBXBuildFile; fileRef = 7B36EBDC19689E6400B88FF3 /* cast_on0.png */; };
		7B36EBE219689E6400B88FF3 /* cast_on1.png in Resources */ = {isa = PBXBuildFile; fileRef = 7B36EBDD19689E6400B88FF3 /* cast_on1.png */; };
		7B36EBE319689E6400B88FF3 /* cast_on2.png in Resources */ = {isa = PBXBuildFile; fileRef = 7B36EBDE19689E6400B88FF3 /* cast_on2.png */; };
		7B5B34E519686D4600406276 /* Foundation.framework in Frameworks */ = {isa = PBXBuildFile; fileRef = 7B5B34E419686D4600406276 /* Foundation.framework */; };
		7B5B34E719686D4600406276 /* CoreGraphics.framework in Frameworks */ = {isa = PBXBuildFile; fileRef = 7B5B34E619686D4600406276 /* CoreGraphics.framework */; };
		7B5B34E919686D4600406276 /* UIKit.framework in Frameworks */ = {isa = PBXBuildFile; fileRef = 7B5B34E819686D4600406276 /* UIKit.framework */; };
		7B5B34EF19686D4600406276 /* InfoPlist.strings in Resources */ = {isa = PBXBuildFile; fileRef = 7B5B34ED19686D4600406276 /* InfoPlist.strings */; };
		7B5B34F119686D4600406276 /* main.m in Sources */ = {isa = PBXBuildFile; fileRef = 7B5B34F019686D4600406276 /* main.m */; };
		7B5B34F519686D4600406276 /* AppDelegate.m in Sources */ = {isa = PBXBuildFile; fileRef = 7B5B34F419686D4600406276 /* AppDelegate.m */; };
		7B5B34F819686D4600406276 /* Main.storyboard in Resources */ = {isa = PBXBuildFile; fileRef = 7B5B34F619686D4600406276 /* Main.storyboard */; };
		7B5B34FD19686D4600406276 /* Images.xcassets in Resources */ = {isa = PBXBuildFile; fileRef = 7B5B34FC19686D4600406276 /* Images.xcassets */; };
		7B5B350419686D4600406276 /* XCTest.framework in Frameworks */ = {isa = PBXBuildFile; fileRef = 7B5B350319686D4600406276 /* XCTest.framework */; };
		7B5B350519686D4600406276 /* Foundation.framework in Frameworks */ = {isa = PBXBuildFile; fileRef = 7B5B34E419686D4600406276 /* Foundation.framework */; };
		7B5B350619686D4600406276 /* UIKit.framework in Frameworks */ = {isa = PBXBuildFile; fileRef = 7B5B34E819686D4600406276 /* UIKit.framework */; };
		7B5B350E19686D4700406276 /* InfoPlist.strings in Resources */ = {isa = PBXBuildFile; fileRef = 7B5B350C19686D4700406276 /* InfoPlist.strings */; };
		7B5B351019686D4700406276 /* JkplsTests.m in Sources */ = {isa = PBXBuildFile; fileRef = 7B5B350F19686D4700406276 /* JkplsTests.m */; };
		7B5B351C196870E400406276 /* TutorialViewController.m in Sources */ = {isa = PBXBuildFile; fileRef = 7B5B351A196870E400406276 /* TutorialViewController.m */; };
		D993F8E917D842779F63F7B9 /* libPods.a in Frameworks */ = {isa = PBXBuildFile; fileRef = BFABEDCE520B44C2A77AC1D4 /* libPods.a */; };
/* End PBXBuildFile section */

/* Begin PBXContainerItemProxy section */
		7B5B350719686D4600406276 /* PBXContainerItemProxy */ = {
			isa = PBXContainerItemProxy;
			containerPortal = 7B5B34D919686D4600406276 /* Project object */;
			proxyType = 1;
			remoteGlobalIDString = 7B5B34E019686D4600406276;
			remoteInfo = Jkpls;
		};
/* End PBXContainerItemProxy section */

/* Begin PBXFileReference section */
		713F33931968B5B7006900CC /* TextChannel.h */ = {isa = PBXFileReference; fileEncoding = 4; lastKnownFileType = sourcecode.c.h; path = TextChannel.h; sourceTree = "<group>"; };
		713F33941968B5B7006900CC /* TextChannel.m */ = {isa = PBXFileReference; fileEncoding = 4; lastKnownFileType = sourcecode.c.objc; path = TextChannel.m; sourceTree = "<group>"; };
		7143ED571968A2EF001D4735 /* ChromeCast.h */ = {isa = PBXFileReference; fileEncoding = 4; lastKnownFileType = sourcecode.c.h; path = ChromeCast.h; sourceTree = "<group>"; };
		7143ED581968A2EF001D4735 /* ChromeCast.m */ = {isa = PBXFileReference; fileEncoding = 4; lastKnownFileType = sourcecode.c.objc; path = ChromeCast.m; sourceTree = "<group>"; };
		71D79C6C196876A300F18801 /* TutorialViewController.xib */ = {isa = PBXFileReference; fileEncoding = 4; lastKnownFileType = file.xib; path = TutorialViewController.xib; sourceTree = "<group>"; };
		71D79C6E196876AB00F18801 /* ViewController.m */ = {isa = PBXFileReference; fileEncoding = 4; lastKnownFileType = sourcecode.c.objc; path = ViewController.m; sourceTree = "<group>"; };
		71D79C70196876B000F18801 /* ViewController.h */ = {isa = PBXFileReference; fileEncoding = 4; lastKnownFileType = sourcecode.c.h; path = ViewController.h; sourceTree = "<group>"; };
		7B36EBD3196894CD00B88FF3 /* ChromeCastViewController.xib */ = {isa = PBXFileReference; fileEncoding = 4; lastKnownFileType = file.xib; path = ChromeCastViewController.xib; sourceTree = "<group>"; };
		7B36EBD619689A5400B88FF3 /* Constants.h */ = {isa = PBXFileReference; fileEncoding = 4; lastKnownFileType = sourcecode.c.h; name = Constants.h; path = Helpers/Constants.h; sourceTree = "<group>"; };
		7B36EBD719689A5400B88FF3 /* Constants.m */ = {isa = PBXFileReference; fileEncoding = 4; lastKnownFileType = sourcecode.c.objc; name = Constants.m; path = Helpers/Constants.m; sourceTree = "<group>"; };
		7B36EBDA19689E6400B88FF3 /* cast_off.png */ = {isa = PBXFileReference; lastKnownFileType = image.png; name = cast_off.png; path = Images/cast_off.png; sourceTree = "<group>"; };
		7B36EBDB19689E6400B88FF3 /* cast_on.png */ = {isa = PBXFileReference; lastKnownFileType = image.png; name = cast_on.png; path = Images/cast_on.png; sourceTree = "<group>"; };
		7B36EBDC19689E6400B88FF3 /* cast_on0.png */ = {isa = PBXFileReference; lastKnownFileType = image.png; name = cast_on0.png; path = Images/cast_on0.png; sourceTree = "<group>"; };
		7B36EBDD19689E6400B88FF3 /* cast_on1.png */ = {isa = PBXFileReference; lastKnownFileType = image.png; name = cast_on1.png; path = Images/cast_on1.png; sourceTree = "<group>"; };
		7B36EBDE19689E6400B88FF3 /* cast_on2.png */ = {isa = PBXFileReference; lastKnownFileType = image.png; name = cast_on2.png; path = Images/cast_on2.png; sourceTree = "<group>"; };
		7B5B34E119686D4600406276 /* Jkpls.app */ = {isa = PBXFileReference; explicitFileType = wrapper.application; includeInIndex = 0; path = Jkpls.app; sourceTree = BUILT_PRODUCTS_DIR; };
		7B5B34E419686D4600406276 /* Foundation.framework */ = {isa = PBXFileReference; lastKnownFileType = wrapper.framework; name = Foundation.framework; path = System/Library/Frameworks/Foundation.framework; sourceTree = SDKROOT; };
		7B5B34E619686D4600406276 /* CoreGraphics.framework */ = {isa = PBXFileReference; lastKnownFileType = wrapper.framework; name = CoreGraphics.framework; path = System/Library/Frameworks/CoreGraphics.framework; sourceTree = SDKROOT; };
		7B5B34E819686D4600406276 /* UIKit.framework */ = {isa = PBXFileReference; lastKnownFileType = wrapper.framework; name = UIKit.framework; path = System/Library/Frameworks/UIKit.framework; sourceTree = SDKROOT; };
		7B5B34EC19686D4600406276 /* Jkpls-Info.plist */ = {isa = PBXFileReference; lastKnownFileType = text.plist.xml; path = "Jkpls-Info.plist"; sourceTree = "<group>"; };
		7B5B34EE19686D4600406276 /* en */ = {isa = PBXFileReference; lastKnownFileType = text.plist.strings; name = en; path = en.lproj/InfoPlist.strings; sourceTree = "<group>"; };
		7B5B34F019686D4600406276 /* main.m */ = {isa = PBXFileReference; lastKnownFileType = sourcecode.c.objc; path = main.m; sourceTree = "<group>"; };
		7B5B34F219686D4600406276 /* Jkpls-Prefix.pch */ = {isa = PBXFileReference; lastKnownFileType = sourcecode.c.h; path = "Jkpls-Prefix.pch"; sourceTree = "<group>"; };
		7B5B34F319686D4600406276 /* AppDelegate.h */ = {isa = PBXFileReference; lastKnownFileType = sourcecode.c.h; path = AppDelegate.h; sourceTree = "<group>"; };
		7B5B34F419686D4600406276 /* AppDelegate.m */ = {isa = PBXFileReference; lastKnownFileType = sourcecode.c.objc; path = AppDelegate.m; sourceTree = "<group>"; };
		7B5B34F719686D4600406276 /* Base */ = {isa = PBXFileReference; lastKnownFileType = file.storyboard; name = Base; path = Base.lproj/Main.storyboard; sourceTree = "<group>"; };
		7B5B34FC19686D4600406276 /* Images.xcassets */ = {isa = PBXFileReference; lastKnownFileType = folder.assetcatalog; path = Images.xcassets; sourceTree = "<group>"; };
		7B5B350219686D4600406276 /* JkplsTests.xctest */ = {isa = PBXFileReference; explicitFileType = wrapper.cfbundle; includeInIndex = 0; path = JkplsTests.xctest; sourceTree = BUILT_PRODUCTS_DIR; };
		7B5B350319686D4600406276 /* XCTest.framework */ = {isa = PBXFileReference; lastKnownFileType = wrapper.framework; name = XCTest.framework; path = Library/Frameworks/XCTest.framework; sourceTree = DEVELOPER_DIR; };
		7B5B350B19686D4700406276 /* JkplsTests-Info.plist */ = {isa = PBXFileReference; lastKnownFileType = text.plist.xml; path = "JkplsTests-Info.plist"; sourceTree = "<group>"; };
		7B5B350D19686D4700406276 /* en */ = {isa = PBXFileReference; lastKnownFileType = text.plist.strings; name = en; path = en.lproj/InfoPlist.strings; sourceTree = "<group>"; };
		7B5B350F19686D4700406276 /* JkplsTests.m */ = {isa = PBXFileReference; lastKnownFileType = sourcecode.c.objc; path = JkplsTests.m; sourceTree = "<group>"; };
		7B5B3519196870E400406276 /* TutorialViewController.h */ = {isa = PBXFileReference; fileEncoding = 4; lastKnownFileType = sourcecode.c.h; path = TutorialViewController.h; sourceTree = "<group>"; };
		7B5B351A196870E400406276 /* TutorialViewController.m */ = {isa = PBXFileReference; fileEncoding = 4; lastKnownFileType = sourcecode.c.objc; path = TutorialViewController.m; sourceTree = "<group>"; };
		BFABEDCE520B44C2A77AC1D4 /* libPods.a */ = {isa = PBXFileReference; explicitFileType = archive.ar; includeInIndex = 0; path = libPods.a; sourceTree = BUILT_PRODUCTS_DIR; };
		F3CF92C7B5CA4318A2A326D5 /* Pods.xcconfig */ = {isa = PBXFileReference; includeInIndex = 1; lastKnownFileType = text.xcconfig; name = Pods.xcconfig; path = Pods/Pods.xcconfig; sourceTree = "<group>"; };
/* End PBXFileReference section */

/* Begin PBXFrameworksBuildPhase section */
		7B5B34DE19686D4600406276 /* Frameworks */ = {
			isa = PBXFrameworksBuildPhase;
			buildActionMask = 2147483647;
			files = (
				7B5B34E719686D4600406276 /* CoreGraphics.framework in Frameworks */,
				7B5B34E919686D4600406276 /* UIKit.framework in Frameworks */,
				7B5B34E519686D4600406276 /* Foundation.framework in Frameworks */,
				D993F8E917D842779F63F7B9 /* libPods.a in Frameworks */,
			);
			runOnlyForDeploymentPostprocessing = 0;
		};
		7B5B34FF19686D4600406276 /* Frameworks */ = {
			isa = PBXFrameworksBuildPhase;
			buildActionMask = 2147483647;
			files = (
				7B5B350419686D4600406276 /* XCTest.framework in Frameworks */,
				7B5B350619686D4600406276 /* UIKit.framework in Frameworks */,
				7B5B350519686D4600406276 /* Foundation.framework in Frameworks */,
			);
			runOnlyForDeploymentPostprocessing = 0;
		};
/* End PBXFrameworksBuildPhase section */

/* Begin PBXGroup section */
		7143ED561968A2D8001D4735 /* Model */ = {
			isa = PBXGroup;
			children = (
				7143ED571968A2EF001D4735 /* ChromeCast.h */,
				7143ED581968A2EF001D4735 /* ChromeCast.m */,
				713F33931968B5B7006900CC /* TextChannel.h */,
				713F33941968B5B7006900CC /* TextChannel.m */,
			);
			path = Model;
			sourceTree = "<group>";
		};
		71D79C6A1968760200F18801 /* ViewController */ = {
			isa = PBXGroup;
			children = (
				71D79C70196876B000F18801 /* ViewController.h */,
				71D79C6E196876AB00F18801 /* ViewController.m */,
				7B5B3519196870E400406276 /* TutorialViewController.h */,
				7B5B351A196870E400406276 /* TutorialViewController.m */,
			);
			path = ViewController;
			sourceTree = "<group>";
		};
		71D79C6B1968769700F18801 /* View */ = {
			isa = PBXGroup;
			children = (
				7B5B34F619686D4600406276 /* Main.storyboard */,
				71D79C6C196876A300F18801 /* TutorialViewController.xib */,
				7B36EBD3196894CD00B88FF3 /* ChromeCastViewController.xib */,
			);
			path = View;
			sourceTree = "<group>";
		};
		7B36EBD519689A2300B88FF3 /* Helpers */ = {
			isa = PBXGroup;
			children = (
				7B36EBD619689A5400B88FF3 /* Constants.h */,
				7B36EBD719689A5400B88FF3 /* Constants.m */,
			);
			name = Helpers;
			sourceTree = "<group>";
		};
		7B36EBD919689E5100B88FF3 /* Images */ = {
			isa = PBXGroup;
			children = (
				7B36EBDA19689E6400B88FF3 /* cast_off.png */,
				7B36EBDB19689E6400B88FF3 /* cast_on.png */,
				7B36EBDC19689E6400B88FF3 /* cast_on0.png */,
				7B36EBDD19689E6400B88FF3 /* cast_on1.png */,
				7B36EBDE19689E6400B88FF3 /* cast_on2.png */,
			);
			name = Images;
			sourceTree = "<group>";
		};
		7B5B34D819686D4600406276 = {
			isa = PBXGroup;
			children = (
				7B5B34EA19686D4600406276 /* Jkpls */,
				7B5B350919686D4600406276 /* JkplsTests */,
				7B5B34E319686D4600406276 /* Frameworks */,
				7B5B34E219686D4600406276 /* Products */,
				F3CF92C7B5CA4318A2A326D5 /* Pods.xcconfig */,
			);
			sourceTree = "<group>";
		};
		7B5B34E219686D4600406276 /* Products */ = {
			isa = PBXGroup;
			children = (
				7B5B34E119686D4600406276 /* Jkpls.app */,
				7B5B350219686D4600406276 /* JkplsTests.xctest */,
			);
			name = Products;
			sourceTree = "<group>";
		};
		7B5B34E319686D4600406276 /* Frameworks */ = {
			isa = PBXGroup;
			children = (
				7B5B34E419686D4600406276 /* Foundation.framework */,
				7B5B34E619686D4600406276 /* CoreGraphics.framework */,
				7B5B34E819686D4600406276 /* UIKit.framework */,
				7B5B350319686D4600406276 /* XCTest.framework */,
				BFABEDCE520B44C2A77AC1D4 /* libPods.a */,
			);
			name = Frameworks;
			sourceTree = "<group>";
		};
		7B5B34EA19686D4600406276 /* Jkpls */ = {
			isa = PBXGroup;
			children = (
				7143ED561968A2D8001D4735 /* Model */,
				7B5B34F319686D4600406276 /* AppDelegate.h */,
				7B5B34F419686D4600406276 /* AppDelegate.m */,
				7B36EBD519689A2300B88FF3 /* Helpers */,
				7B36EBD919689E5100B88FF3 /* Images */,
				7B5B34FC19686D4600406276 /* Images.xcassets */,
				7B5B34EB19686D4600406276 /* Supporting Files */,
				71D79C6B1968769700F18801 /* View */,
				71D79C6A1968760200F18801 /* ViewController */,
			);
			path = Jkpls;
			sourceTree = "<group>";
		};
		7B5B34EB19686D4600406276 /* Supporting Files */ = {
			isa = PBXGroup;
			children = (
				7B5B34EC19686D4600406276 /* Jkpls-Info.plist */,
				7B5B34ED19686D4600406276 /* InfoPlist.strings */,
				7B5B34F019686D4600406276 /* main.m */,
				7B5B34F219686D4600406276 /* Jkpls-Prefix.pch */,
			);
			name = "Supporting Files";
			sourceTree = "<group>";
		};
		7B5B350919686D4600406276 /* JkplsTests */ = {
			isa = PBXGroup;
			children = (
				7B5B350F19686D4700406276 /* JkplsTests.m */,
				7B5B350A19686D4700406276 /* Supporting Files */,
			);
			path = JkplsTests;
			sourceTree = "<group>";
		};
		7B5B350A19686D4700406276 /* Supporting Files */ = {
			isa = PBXGroup;
			children = (
				7B5B350B19686D4700406276 /* JkplsTests-Info.plist */,
				7B5B350C19686D4700406276 /* InfoPlist.strings */,
			);
			name = "Supporting Files";
			sourceTree = "<group>";
		};
/* End PBXGroup section */

/* Begin PBXNativeTarget section */
		7B5B34E019686D4600406276 /* Jkpls */ = {
			isa = PBXNativeTarget;
			buildConfigurationList = 7B5B351319686D4700406276 /* Build configuration list for PBXNativeTarget "Jkpls" */;
			buildPhases = (
				1F0470F8DCBE45CE801C8A4F /* Check Pods Manifest.lock */,
				7B5B34DD19686D4600406276 /* Sources */,
				7B5B34DE19686D4600406276 /* Frameworks */,
				7B5B34DF19686D4600406276 /* Resources */,
				419635D5F2C14491AE8D6CA4 /* Copy Pods Resources */,
			);
			buildRules = (
			);
			dependencies = (
			);
			name = Jkpls;
			productName = Jkpls;
			productReference = 7B5B34E119686D4600406276 /* Jkpls.app */;
			productType = "com.apple.product-type.application";
		};
		7B5B350119686D4600406276 /* JkplsTests */ = {
			isa = PBXNativeTarget;
			buildConfigurationList = 7B5B351619686D4700406276 /* Build configuration list for PBXNativeTarget "JkplsTests" */;
			buildPhases = (
				7B5B34FE19686D4600406276 /* Sources */,
				7B5B34FF19686D4600406276 /* Frameworks */,
				7B5B350019686D4600406276 /* Resources */,
			);
			buildRules = (
			);
			dependencies = (
				7B5B350819686D4600406276 /* PBXTargetDependency */,
			);
			name = JkplsTests;
			productName = JkplsTests;
			productReference = 7B5B350219686D4600406276 /* JkplsTests.xctest */;
			productType = "com.apple.product-type.bundle.unit-test";
		};
/* End PBXNativeTarget section */

/* Begin PBXProject section */
		7B5B34D919686D4600406276 /* Project object */ = {
			isa = PBXProject;
			attributes = {
				LastUpgradeCheck = 0510;
				ORGANIZATIONNAME = "Jhonathan Wyterlin";
				TargetAttributes = {
					7B5B350119686D4600406276 = {
						TestTargetID = 7B5B34E019686D4600406276;
					};
				};
			};
			buildConfigurationList = 7B5B34DC19686D4600406276 /* Build configuration list for PBXProject "Jkpls" */;
			compatibilityVersion = "Xcode 3.2";
			developmentRegion = English;
			hasScannedForEncodings = 0;
			knownRegions = (
				en,
				Base,
			);
			mainGroup = 7B5B34D819686D4600406276;
			productRefGroup = 7B5B34E219686D4600406276 /* Products */;
			projectDirPath = "";
			projectRoot = "";
			targets = (
				7B5B34E019686D4600406276 /* Jkpls */,
				7B5B350119686D4600406276 /* JkplsTests */,
			);
		};
/* End PBXProject section */

/* Begin PBXResourcesBuildPhase section */
		7B5B34DF19686D4600406276 /* Resources */ = {
			isa = PBXResourcesBuildPhase;
			buildActionMask = 2147483647;
			files = (
				7B36EBE319689E6400B88FF3 /* cast_on2.png in Resources */,
				7B36EBD4196894CD00B88FF3 /* ChromeCastViewController.xib in Resources */,
				7B5B34FD19686D4600406276 /* Images.xcassets in Resources */,
				7B36EBDF19689E6400B88FF3 /* cast_off.png in Resources */,
				7B36EBE019689E6400B88FF3 /* cast_on.png in Resources */,
				71D79C6D196876A300F18801 /* TutorialViewController.xib in Resources */,
				7B36EBE219689E6400B88FF3 /* cast_on1.png in Resources */,
				7B5B34EF19686D4600406276 /* InfoPlist.strings in Resources */,
				7B36EBE119689E6400B88FF3 /* cast_on0.png in Resources */,
				7B5B34F819686D4600406276 /* Main.storyboard in Resources */,
			);
			runOnlyForDeploymentPostprocessing = 0;
		};
		7B5B350019686D4600406276 /* Resources */ = {
			isa = PBXResourcesBuildPhase;
			buildActionMask = 2147483647;
			files = (
				7B5B350E19686D4700406276 /* InfoPlist.strings in Resources */,
			);
			runOnlyForDeploymentPostprocessing = 0;
		};
/* End PBXResourcesBuildPhase section */

/* Begin PBXShellScriptBuildPhase section */
		1F0470F8DCBE45CE801C8A4F /* Check Pods Manifest.lock */ = {
			isa = PBXShellScriptBuildPhase;
			buildActionMask = 2147483647;
			files = (
			);
			inputPaths = (
			);
			name = "Check Pods Manifest.lock";
			outputPaths = (
			);
			runOnlyForDeploymentPostprocessing = 0;
			shellPath = /bin/sh;
			shellScript = "diff \"${PODS_ROOT}/../Podfile.lock\" \"${PODS_ROOT}/Manifest.lock\" > /dev/null\nif [[ $? != 0 ]] ; then\n    cat << EOM\nerror: The sandbox is not in sync with the Podfile.lock. Run 'pod install' or update your CocoaPods installation.\nEOM\n    exit 1\nfi\n";
			showEnvVarsInLog = 0;
		};
		419635D5F2C14491AE8D6CA4 /* Copy Pods Resources */ = {
			isa = PBXShellScriptBuildPhase;
			buildActionMask = 2147483647;
			files = (
			);
			inputPaths = (
			);
			name = "Copy Pods Resources";
			outputPaths = (
			);
			runOnlyForDeploymentPostprocessing = 0;
			shellPath = /bin/sh;
			shellScript = "\"${SRCROOT}/Pods/Pods-resources.sh\"\n";
			showEnvVarsInLog = 0;
		};
/* End PBXShellScriptBuildPhase section */

/* Begin PBXSourcesBuildPhase section */
		7B5B34DD19686D4600406276 /* Sources */ = {
			isa = PBXSourcesBuildPhase;
			buildActionMask = 2147483647;
			files = (
				7B5B34F519686D4600406276 /* AppDelegate.m in Sources */,
				7B5B351C196870E400406276 /* TutorialViewController.m in Sources */,
				7B5B34F119686D4600406276 /* main.m in Sources */,
				7143ED591968A2EF001D4735 /* ChromeCast.m in Sources */,
				71D79C6F196876AB00F18801 /* ViewController.m in Sources */,
				7B36EBD819689A5400B88FF3 /* Constants.m in Sources */,
				713F33951968B5B7006900CC /* TextChannel.m in Sources */,
			);
			runOnlyForDeploymentPostprocessing = 0;
		};
		7B5B34FE19686D4600406276 /* Sources */ = {
			isa = PBXSourcesBuildPhase;
			buildActionMask = 2147483647;
			files = (
				7B5B351019686D4700406276 /* JkplsTests.m in Sources */,
			);
			runOnlyForDeploymentPostprocessing = 0;
		};
/* End PBXSourcesBuildPhase section */

/* Begin PBXTargetDependency section */
		7B5B350819686D4600406276 /* PBXTargetDependency */ = {
			isa = PBXTargetDependency;
			target = 7B5B34E019686D4600406276 /* Jkpls */;
			targetProxy = 7B5B350719686D4600406276 /* PBXContainerItemProxy */;
		};
/* End PBXTargetDependency section */

/* Begin PBXVariantGroup section */
		7B5B34ED19686D4600406276 /* InfoPlist.strings */ = {
			isa = PBXVariantGroup;
			children = (
				7B5B34EE19686D4600406276 /* en */,
			);
			name = InfoPlist.strings;
			sourceTree = "<group>";
		};
		7B5B34F619686D4600406276 /* Main.storyboard */ = {
			isa = PBXVariantGroup;
			children = (
				7B5B34F719686D4600406276 /* Base */,
			);
			name = Main.storyboard;
			path = ..;
			sourceTree = "<group>";
		};
		7B5B350C19686D4700406276 /* InfoPlist.strings */ = {
			isa = PBXVariantGroup;
			children = (
				7B5B350D19686D4700406276 /* en */,
			);
			name = InfoPlist.strings;
			sourceTree = "<group>";
		};
/* End PBXVariantGroup section */

/* Begin XCBuildConfiguration section */
		7B5B351119686D4700406276 /* Debug */ = {
			isa = XCBuildConfiguration;
			buildSettings = {
				ALWAYS_SEARCH_USER_PATHS = NO;
				CLANG_CXX_LANGUAGE_STANDARD = "gnu++0x";
				CLANG_CXX_LIBRARY = "libc++";
				CLANG_ENABLE_MODULES = YES;
				CLANG_ENABLE_OBJC_ARC = YES;
				CLANG_WARN_BOOL_CONVERSION = YES;
				CLANG_WARN_CONSTANT_CONVERSION = YES;
				CLANG_WARN_DIRECT_OBJC_ISA_USAGE = YES_ERROR;
				CLANG_WARN_EMPTY_BODY = YES;
				CLANG_WARN_ENUM_CONVERSION = YES;
				CLANG_WARN_INT_CONVERSION = YES;
				CLANG_WARN_OBJC_ROOT_CLASS = YES_ERROR;
				CLANG_WARN__DUPLICATE_METHOD_MATCH = YES;
				"CODE_SIGN_IDENTITY[sdk=iphoneos*]" = "iPhone Developer";
				COPY_PHASE_STRIP = NO;
				GCC_C_LANGUAGE_STANDARD = gnu99;
				GCC_DYNAMIC_NO_PIC = NO;
				GCC_OPTIMIZATION_LEVEL = 0;
				GCC_PREPROCESSOR_DEFINITIONS = (
					"DEBUG=1",
					"$(inherited)",
				);
				GCC_SYMBOLS_PRIVATE_EXTERN = NO;
				GCC_WARN_64_TO_32_BIT_CONVERSION = YES;
				GCC_WARN_ABOUT_RETURN_TYPE = YES_ERROR;
				GCC_WARN_UNDECLARED_SELECTOR = YES;
				GCC_WARN_UNINITIALIZED_AUTOS = YES_AGGRESSIVE;
				GCC_WARN_UNUSED_FUNCTION = YES;
				GCC_WARN_UNUSED_VARIABLE = YES;
				IPHONEOS_DEPLOYMENT_TARGET = 7.1;
				ONLY_ACTIVE_ARCH = YES;
				SDKROOT = iphoneos;
			};
			name = Debug;
		};
		7B5B351219686D4700406276 /* Release */ = {
			isa = XCBuildConfiguration;
			buildSettings = {
				ALWAYS_SEARCH_USER_PATHS = NO;
				CLANG_CXX_LANGUAGE_STANDARD = "gnu++0x";
				CLANG_CXX_LIBRARY = "libc++";
				CLANG_ENABLE_MODULES = YES;
				CLANG_ENABLE_OBJC_ARC = YES;
				CLANG_WARN_BOOL_CONVERSION = YES;
				CLANG_WARN_CONSTANT_CONVERSION = YES;
				CLANG_WARN_DIRECT_OBJC_ISA_USAGE = YES_ERROR;
				CLANG_WARN_EMPTY_BODY = YES;
				CLANG_WARN_ENUM_CONVERSION = YES;
				CLANG_WARN_INT_CONVERSION = YES;
				CLANG_WARN_OBJC_ROOT_CLASS = YES_ERROR;
				CLANG_WARN__DUPLICATE_METHOD_MATCH = YES;
				"CODE_SIGN_IDENTITY[sdk=iphoneos*]" = "iPhone Developer";
				COPY_PHASE_STRIP = YES;
				ENABLE_NS_ASSERTIONS = NO;
				GCC_C_LANGUAGE_STANDARD = gnu99;
				GCC_WARN_64_TO_32_BIT_CONVERSION = YES;
				GCC_WARN_ABOUT_RETURN_TYPE = YES_ERROR;
				GCC_WARN_UNDECLARED_SELECTOR = YES;
				GCC_WARN_UNINITIALIZED_AUTOS = YES_AGGRESSIVE;
				GCC_WARN_UNUSED_FUNCTION = YES;
				GCC_WARN_UNUSED_VARIABLE = YES;
				IPHONEOS_DEPLOYMENT_TARGET = 7.1;
				SDKROOT = iphoneos;
				VALIDATE_PRODUCT = YES;
			};
			name = Release;
		};
		7B5B351419686D4700406276 /* Debug */ = {
			isa = XCBuildConfiguration;
			baseConfigurationReference = F3CF92C7B5CA4318A2A326D5 /* Pods.xcconfig */;
			buildSettings = {
				ASSETCATALOG_COMPILER_APPICON_NAME = AppIcon;
				ASSETCATALOG_COMPILER_LAUNCHIMAGE_NAME = LaunchImage;
				GCC_PRECOMPILE_PREFIX_HEADER = YES;
				GCC_PREFIX_HEADER = "Jkpls/Jkpls-Prefix.pch";
				INFOPLIST_FILE = "Jkpls/Jkpls-Info.plist";
				PRODUCT_NAME = "$(TARGET_NAME)";
				WRAPPER_EXTENSION = app;
			};
			name = Debug;
		};
		7B5B351519686D4700406276 /* Release */ = {
			isa = XCBuildConfiguration;
			baseConfigurationReference = F3CF92C7B5CA4318A2A326D5 /* Pods.xcconfig */;
			buildSettings = {
				ASSETCATALOG_COMPILER_APPICON_NAME = AppIcon;
				ASSETCATALOG_COMPILER_LAUNCHIMAGE_NAME = LaunchImage;
				GCC_PRECOMPILE_PREFIX_HEADER = YES;
				GCC_PREFIX_HEADER = "Jkpls/Jkpls-Prefix.pch";
				INFOPLIST_FILE = "Jkpls/Jkpls-Info.plist";
				PRODUCT_NAME = "$(TARGET_NAME)";
				WRAPPER_EXTENSION = app;
			};
			name = Release;
		};
		7B5B351719686D4700406276 /* Debug */ = {
			isa = XCBuildConfiguration;
			buildSettings = {
				BUNDLE_LOADER = "$(BUILT_PRODUCTS_DIR)/Jkpls.app/Jkpls";
				FRAMEWORK_SEARCH_PATHS = (
					"$(SDKROOT)/Developer/Library/Frameworks",
					"$(inherited)",
					"$(DEVELOPER_FRAMEWORKS_DIR)",
				);
				GCC_PRECOMPILE_PREFIX_HEADER = YES;
				GCC_PREFIX_HEADER = "Jkpls/Jkpls-Prefix.pch";
				GCC_PREPROCESSOR_DEFINITIONS = (
					"DEBUG=1",
					"$(inherited)",
				);
				INFOPLIST_FILE = "JkplsTests/JkplsTests-Info.plist";
				PRODUCT_NAME = "$(TARGET_NAME)";
				TEST_HOST = "$(BUNDLE_LOADER)";
				WRAPPER_EXTENSION = xctest;
			};
			name = Debug;
		};
		7B5B351819686D4700406276 /* Release */ = {
			isa = XCBuildConfiguration;
			buildSettings = {
				BUNDLE_LOADER = "$(BUILT_PRODUCTS_DIR)/Jkpls.app/Jkpls";
				FRAMEWORK_SEARCH_PATHS = (
					"$(SDKROOT)/Developer/Library/Frameworks",
					"$(inherited)",
					"$(DEVELOPER_FRAMEWORKS_DIR)",
				);
				GCC_PRECOMPILE_PREFIX_HEADER = YES;
				GCC_PREFIX_HEADER = "Jkpls/Jkpls-Prefix.pch";
				INFOPLIST_FILE = "JkplsTests/JkplsTests-Info.plist";
				PRODUCT_NAME = "$(TARGET_NAME)";
				TEST_HOST = "$(BUNDLE_LOADER)";
				WRAPPER_EXTENSION = xctest;
			};
			name = Release;
		};
/* End XCBuildConfiguration section */

/* Begin XCConfigurationList section */
		7B5B34DC19686D4600406276 /* Build configuration list for PBXProject "Jkpls" */ = {
			isa = XCConfigurationList;
			buildConfigurations = (
				7B5B351119686D4700406276 /* Debug */,
				7B5B351219686D4700406276 /* Release */,
			);
			defaultConfigurationIsVisible = 0;
			defaultConfigurationName = Release;
		};
		7B5B351319686D4700406276 /* Build configuration list for PBXNativeTarget "Jkpls" */ = {
			isa = XCConfigurationList;
			buildConfigurations = (
				7B5B351419686D4700406276 /* Debug */,
				7B5B351519686D4700406276 /* Release */,
			);
			defaultConfigurationIsVisible = 0;
			defaultConfigurationName = Release;
		};
		7B5B351619686D4700406276 /* Build configuration list for PBXNativeTarget "JkplsTests" */ = {
			isa = XCConfigurationList;
			buildConfigurations = (
				7B5B351719686D4700406276 /* Debug */,
				7B5B351819686D4700406276 /* Release */,
			);
			defaultConfigurationIsVisible = 0;
			defaultConfigurationName = Release;
		};
/* End XCConfigurationList section */
	};
	rootObject = 7B5B34D919686D4600406276 /* Project object */;
}
